// !$*UTF8*$!
{
	archiveVersion = 1;
	classes = {
	};
	objectVersion = 77;
	objects = {

/* Begin PBXBuildFile section */
		7361F79F91B7C13D83FAAD85 /* bundled-cah.db in Resources */ = {isa = PBXBuildFile; fileRef = FF937B4DB7D28AA69001D34D /* bundled-cah.db */; };
		8C4854E0098037A66C2E6CE4 /* bundled-cah.db in Resources */ = {isa = PBXBuildFile; fileRef = FF937B4DB7D28AA69001D34D /* bundled-cah.db */; };
		92DB095D0673CA799E3C36E2 /* Assets.xcassets in Resources */ = {isa = PBXBuildFile; fileRef = 113DAC47B5DF3C9FF4067B76 /* Assets.xcassets */; };
		ACB012F544DB6D054F994475 /* Assets.xcassets in Resources */ = {isa = PBXBuildFile; fileRef = 113DAC47B5DF3C9FF4067B76 /* Assets.xcassets */; };
/* End PBXBuildFile section */

/* Begin PBXContainerItemProxy section */
		7C93177219E4ABB3F157C414 /* PBXContainerItemProxy */ = {
			isa = PBXContainerItemProxy;
			containerPortal = 8078A46E1551D37708D26D65 /* Project object */;
			proxyType = 1;
			remoteGlobalIDString = A43BE25D445AFEE5B3673BA1;
			remoteInfo = CAHQBankiOS;
		};
		BB523B98D62191AB4749F7BF /* PBXContainerItemProxy */ = {
			isa = PBXContainerItemProxy;
			containerPortal = 8078A46E1551D37708D26D65 /* Project object */;
			proxyType = 1;
			remoteGlobalIDString = 6293B90523F01F1088ADA453;
			remoteInfo = CAHQBankMac;
		};
/* End PBXContainerItemProxy section */

/* Begin PBXFileReference section */
		113DAC47B5DF3C9FF4067B76 /* Assets.xcassets */ = {isa = PBXFileReference; lastKnownFileType = folder.assetcatalog; path = Assets.xcassets; sourceTree = "<group>"; };
		672162864447F96D6D1854C6 /* CAHQBankiOSTests.xctest */ = {isa = PBXFileReference; includeInIndex = 0; lastKnownFileType = wrapper.cfbundle; path = CAHQBankiOSTests.xctest; sourceTree = BUILT_PRODUCTS_DIR; };
		AF010F49E1963E84512D77A8 /* CAHQBankMac.app */ = {isa = PBXFileReference; explicitFileType = wrapper.application; includeInIndex = 0; path = CAHQBankMac.app; sourceTree = BUILT_PRODUCTS_DIR; };
		CAC3250009F1940F51F154A0 /* CAHQBankMacTests.xctest */ = {isa = PBXFileReference; explicitFileType = wrapper.cfbundle; includeInIndex = 0; path = CAHQBankMacTests.xctest; sourceTree = BUILT_PRODUCTS_DIR; };
		D76F8D928E5ADDFAD5390499 /* CAHQBankiOS.app */ = {isa = PBXFileReference; includeInIndex = 0; lastKnownFileType = wrapper.application; path = CAHQBankiOS.app; sourceTree = BUILT_PRODUCTS_DIR; };
		FF937B4DB7D28AA69001D34D /* bundled-cah.db */ = {isa = PBXFileReference; path = "bundled-cah.db"; sourceTree = "<group>"; };
/* End PBXFileReference section */

/* Begin PBXFileSystemSynchronizedBuildFileExceptionSet section */
		28DECD7B795AEE0F9C7F2919 /* PBXFileSystemSynchronizedBuildFileExceptionSet */ = {
			isa = PBXFileSystemSynchronizedBuildFileExceptionSet;
			membershipExceptions = (
				Info.plist,
				iOSTests/Info.plist,
				iOSTests/iOSBootstrapTests.swift,
			);
			target = 8B3E2BB13F8D065295B008D9 /* CAHQBankMacTests */;
		};
		7F704BA50EC871E2F3F0942A /* PBXFileSystemSynchronizedBuildFileExceptionSet */ = {
			isa = PBXFileSystemSynchronizedBuildFileExceptionSet;
			membershipExceptions = (
				Info.plist,
			);
			target = E5DC8F99A01061AC64933F96 /* CAHQBankiOSTests */;
		};
		FC103BC5C9A01B4BFD81CB40 /* PBXFileSystemSynchronizedBuildFileExceptionSet */ = {
			isa = PBXFileSystemSynchronizedBuildFileExceptionSet;
			membershipExceptions = (
				Info.plist,
			);
			target = A43BE25D445AFEE5B3673BA1 /* CAHQBankiOS */;
		};
/* End PBXFileSystemSynchronizedBuildFileExceptionSet section */

/* Begin PBXFileSystemSynchronizedRootGroup section */
		1A654E95F97034E6013965BC /* Tests */ = {
			isa = PBXFileSystemSynchronizedRootGroup;
			exceptions = (
				28DECD7B795AEE0F9C7F2919 /* PBXFileSystemSynchronizedBuildFileExceptionSet */,
			);
			explicitFileTypes = {
			};
			explicitFolders = (
			);
			path = Tests;
			sourceTree = "<group>";
		};
		2CCEEE9F3B11267B3CACFFFB /* Tests/iOSTests */ = {
			isa = PBXFileSystemSynchronizedRootGroup;
			exceptions = (
				7F704BA50EC871E2F3F0942A /* PBXFileSystemSynchronizedBuildFileExceptionSet */,
			);
			explicitFileTypes = {
			};
			explicitFolders = (
			);
			path = Tests/iOSTests;
			sourceTree = "<group>";
		};
		5A3763239FF824E46EC11E77 /* Sources/Views */ = {
			isa = PBXFileSystemSynchronizedRootGroup;
			explicitFileTypes = {
			};
			explicitFolders = (
			);
			path = Sources/Views;
			sourceTree = "<group>";
		};
		9F1985795D5A7A192B4D27FE /* Sources/Shared */ = {
			isa = PBXFileSystemSynchronizedRootGroup;
			explicitFileTypes = {
			};
			explicitFolders = (
			);
			path = Sources/Shared;
			sourceTree = "<group>";
		};
		BCE638D724C65E38CCAF90C1 /* Sources/iOS */ = {
			isa = PBXFileSystemSynchronizedRootGroup;
			exceptions = (
				FC103BC5C9A01B4BFD81CB40 /* PBXFileSystemSynchronizedBuildFileExceptionSet */,
			);
			explicitFileTypes = {
			};
			explicitFolders = (
			);
			path = Sources/iOS;
			sourceTree = "<group>";
		};
		E6B81031EA5C6F65FA263EEE /* Sources/Mac */ = {
			isa = PBXFileSystemSynchronizedRootGroup;
			explicitFileTypes = {
			};
			explicitFolders = (
			);
			path = Sources/Mac;
			sourceTree = "<group>";
		};
/* End PBXFileSystemSynchronizedRootGroup section */

/* Begin PBXGroup section */
		318719D977571959CB3B9744 = {
			isa = PBXGroup;
			children = (
				CF3340CC931EBD29C9D5687B /* Resources */,
				BCE638D724C65E38CCAF90C1 /* Sources/iOS */,
				E6B81031EA5C6F65FA263EEE /* Sources/Mac */,
				9F1985795D5A7A192B4D27FE /* Sources/Shared */,
				5A3763239FF824E46EC11E77 /* Sources/Views */,
				1A654E95F97034E6013965BC /* Tests */,
				2CCEEE9F3B11267B3CACFFFB /* Tests/iOSTests */,
				B92D82B39EA699F27507FB98 /* Products */,
			);
			sourceTree = "<group>";
		};
		B92D82B39EA699F27507FB98 /* Products */ = {
			isa = PBXGroup;
			children = (
				D76F8D928E5ADDFAD5390499 /* CAHQBankiOS.app */,
				672162864447F96D6D1854C6 /* CAHQBankiOSTests.xctest */,
				AF010F49E1963E84512D77A8 /* CAHQBankMac.app */,
				CAC3250009F1940F51F154A0 /* CAHQBankMacTests.xctest */,
			);
			name = Products;
			sourceTree = "<group>";
		};
		CF3340CC931EBD29C9D5687B /* Resources */ = {
			isa = PBXGroup;
			children = (
				113DAC47B5DF3C9FF4067B76 /* Assets.xcassets */,
				FF937B4DB7D28AA69001D34D /* bundled-cah.db */,
			);
			path = Resources;
			sourceTree = "<group>";
		};
/* End PBXGroup section */

/* Begin PBXNativeTarget section */
		6293B90523F01F1088ADA453 /* CAHQBankMac */ = {
			isa = PBXNativeTarget;
			buildConfigurationList = 982F780F98A62E896B49DD06 /* Build configuration list for PBXNativeTarget "CAHQBankMac" */;
			buildPhases = (
				4C463F36349AE7AB2990B623 /* Sources */,
				4CBB1D2B694C22D28D25CDE0 /* Resources */,
			);
			buildRules = (
			);
			dependencies = (
			);
			fileSystemSynchronizedGroups = (
				E6B81031EA5C6F65FA263EEE /* Sources/Mac */,
				9F1985795D5A7A192B4D27FE /* Sources/Shared */,
				5A3763239FF824E46EC11E77 /* Sources/Views */,
			);
			name = CAHQBankMac;
			packageProductDependencies = (
			);
			productName = CAHQBankMac;
			productReference = AF010F49E1963E84512D77A8 /* CAHQBankMac.app */;
			productType = "com.apple.product-type.application";
		};
		8B3E2BB13F8D065295B008D9 /* CAHQBankMacTests */ = {
			isa = PBXNativeTarget;
			buildConfigurationList = D6ADD779F2F3FCA7CCE85E31 /* Build configuration list for PBXNativeTarget "CAHQBankMacTests" */;
			buildPhases = (
				8137ADD755D55CBF361B7FBE /* Sources */,
				630E4B90476886357708D89C /* Resources */,
			);
			buildRules = (
			);
			dependencies = (
				3BD7D9600E05F36EB7F4D54D /* PBXTargetDependency */,
			);
			fileSystemSynchronizedGroups = (
				1A654E95F97034E6013965BC /* Tests */,
			);
			name = CAHQBankMacTests;
			packageProductDependencies = (
			);
			productName = CAHQBankMacTests;
			productReference = CAC3250009F1940F51F154A0 /* CAHQBankMacTests.xctest */;
			productType = "com.apple.product-type.bundle.unit-test";
		};
		A43BE25D445AFEE5B3673BA1 /* CAHQBankiOS */ = {
			isa = PBXNativeTarget;
			buildConfigurationList = D10E9DB79C9F63549F9BB014 /* Build configuration list for PBXNativeTarget "CAHQBankiOS" */;
			buildPhases = (
				50A7323E23DFDF2BC13FCA08 /* Sources */,
				6E75748587F5A0D108C03E30 /* Resources */,
			);
			buildRules = (
			);
			dependencies = (
			);
			fileSystemSynchronizedGroups = (
				9F1985795D5A7A192B4D27FE /* Sources/Shared */,
				BCE638D724C65E38CCAF90C1 /* Sources/iOS */,
			);
			name = CAHQBankiOS;
			packageProductDependencies = (
			);
			productName = CAHQBankiOS;
			productReference = D76F8D928E5ADDFAD5390499 /* CAHQBankiOS.app */;
			productType = "com.apple.product-type.application";
		};
		E5DC8F99A01061AC64933F96 /* CAHQBankiOSTests */ = {
			isa = PBXNativeTarget;
			buildConfigurationList = DD1BA0669975710150F31D45 /* Build configuration list for PBXNativeTarget "CAHQBankiOSTests" */;
			buildPhases = (
				F16A15C2EA3C702B75755714 /* Sources */,
				E67DA28E2E3A72939F43AFA9 /* Resources */,
			);
			buildRules = (
			);
			dependencies = (
				78100192B4700C2A759AEDD5 /* PBXTargetDependency */,
			);
			fileSystemSynchronizedGroups = (
				2CCEEE9F3B11267B3CACFFFB /* Tests/iOSTests */,
			);
			name = CAHQBankiOSTests;
			packageProductDependencies = (
			);
			productName = CAHQBankiOSTests;
			productReference = 672162864447F96D6D1854C6 /* CAHQBankiOSTests.xctest */;
			productType = "com.apple.product-type.bundle.unit-test";
		};
/* End PBXNativeTarget section */

/* Begin PBXProject section */
		8078A46E1551D37708D26D65 /* Project object */ = {
			isa = PBXProject;
			attributes = {
				BuildIndependentTargetsInParallel = YES;
				LastUpgradeCheck = 1430;
				TargetAttributes = {
				};
			};
			buildConfigurationList = 4B35F640529BEDA2F8CD766B /* Build configuration list for PBXProject "CAHQBankMac" */;
			developmentRegion = en;
			hasScannedForEncodings = 0;
			knownRegions = (
				Base,
				en,
			);
			mainGroup = 318719D977571959CB3B9744;
			minimizedProjectReferenceProxies = 1;
			preferredProjectObjectVersion = 77;
			productRefGroup = B92D82B39EA699F27507FB98 /* Products */;
			projectDirPath = "";
			projectRoot = "";
			targets = (
				6293B90523F01F1088ADA453 /* CAHQBankMac */,
				8B3E2BB13F8D065295B008D9 /* CAHQBankMacTests */,
				A43BE25D445AFEE5B3673BA1 /* CAHQBankiOS */,
				E5DC8F99A01061AC64933F96 /* CAHQBankiOSTests */,
			);
		};
/* End PBXProject section */

/* Begin PBXResourcesBuildPhase section */
		4CBB1D2B694C22D28D25CDE0 /* Resources */ = {
			isa = PBXResourcesBuildPhase;
			buildActionMask = 2147483647;
			files = (
				92DB095D0673CA799E3C36E2 /* Assets.xcassets in Resources */,
				8C4854E0098037A66C2E6CE4 /* bundled-cah.db in Resources */,
			);
			runOnlyForDeploymentPostprocessing = 0;
		};
		630E4B90476886357708D89C /* Resources */ = {
			isa = PBXResourcesBuildPhase;
			buildActionMask = 2147483647;
			files = (
			);
			runOnlyForDeploymentPostprocessing = 0;
		};
		6E75748587F5A0D108C03E30 /* Resources */ = {
			isa = PBXResourcesBuildPhase;
			buildActionMask = 2147483647;
			files = (
				ACB012F544DB6D054F994475 /* Assets.xcassets in Resources */,
				7361F79F91B7C13D83FAAD85 /* bundled-cah.db in Resources */,
			);
			runOnlyForDeploymentPostprocessing = 0;
		};
		E67DA28E2E3A72939F43AFA9 /* Resources */ = {
			isa = PBXResourcesBuildPhase;
			buildActionMask = 2147483647;
			files = (
			);
			runOnlyForDeploymentPostprocessing = 0;
		};
/* End PBXResourcesBuildPhase section */

/* Begin PBXSourcesBuildPhase section */
		4C463F36349AE7AB2990B623 /* Sources */ = {
			isa = PBXSourcesBuildPhase;
			buildActionMask = 2147483647;
			files = (
			);
			runOnlyForDeploymentPostprocessing = 0;
		};
		50A7323E23DFDF2BC13FCA08 /* Sources */ = {
			isa = PBXSourcesBuildPhase;
			buildActionMask = 2147483647;
			files = (
			);
			runOnlyForDeploymentPostprocessing = 0;
		};
		8137ADD755D55CBF361B7FBE /* Sources */ = {
			isa = PBXSourcesBuildPhase;
			buildActionMask = 2147483647;
			files = (
			);
			runOnlyForDeploymentPostprocessing = 0;
		};
		F16A15C2EA3C702B75755714 /* Sources */ = {
			isa = PBXSourcesBuildPhase;
			buildActionMask = 2147483647;
			files = (
			);
			runOnlyForDeploymentPostprocessing = 0;
		};
/* End PBXSourcesBuildPhase section */

/* Begin PBXTargetDependency section */
		3BD7D9600E05F36EB7F4D54D /* PBXTargetDependency */ = {
			isa = PBXTargetDependency;
			target = 6293B90523F01F1088ADA453 /* CAHQBankMac */;
			targetProxy = BB523B98D62191AB4749F7BF /* PBXContainerItemProxy */;
		};
		78100192B4700C2A759AEDD5 /* PBXTargetDependency */ = {
			isa = PBXTargetDependency;
			target = A43BE25D445AFEE5B3673BA1 /* CAHQBankiOS */;
			targetProxy = 7C93177219E4ABB3F157C414 /* PBXContainerItemProxy */;
		};
/* End PBXTargetDependency section */

/* Begin XCBuildConfiguration section */
		13AF1B1CF3ACAE1D3D21793A /* Debug */ = {
			isa = XCBuildConfiguration;
			buildSettings = {
				ASSETCATALOG_COMPILER_APPICON_NAME = AppIcon;
				ASSETCATALOG_COMPILER_GLOBAL_ACCENT_COLOR_NAME = AccentColor;
				COMBINE_HIDPI_IMAGES = YES;
				CURRENT_PROJECT_VERSION = 1;
				INFOPLIST_FILE = Sources/Info.plist;
				LD_RUNPATH_SEARCH_PATHS = (
					"$(inherited)",
					"@executable_path/../Frameworks",
				);
				MARKETING_VERSION = 1.0;
				PRODUCT_BUNDLE_IDENTIFIER = com.anirudhbalachandar.CAHQBank;
				SDKROOT = macosx;
			};
			name = Debug;
		};
		27BD092F3FA5B41286E1D95F /* Release */ = {
			isa = XCBuildConfiguration;
			buildSettings = {
				ASSETCATALOG_COMPILER_APPICON_NAME = AppIcon;
				ASSETCATALOG_COMPILER_GLOBAL_ACCENT_COLOR_NAME = AccentColor;
				CODE_SIGN_IDENTITY = "iPhone Developer";
				CURRENT_PROJECT_VERSION = 1;
				INFOPLIST_FILE = Sources/iOS/Info.plist;
				LD_RUNPATH_SEARCH_PATHS = (
					"$(inherited)",
					"@executable_path/Frameworks",
				);
				MARKETING_VERSION = 1.0;
				PRODUCT_BUNDLE_IDENTIFIER = com.anirudhbalachandar.CAHQBank.iOS;
				SDKROOT = iphoneos;
				TARGETED_DEVICE_FAMILY = 1;
			};
			name = Release;
		};
		465573619FC6CC197AA1E56C /* Debug */ = {
			isa = XCBuildConfiguration;
			buildSettings = {
				BUNDLE_LOADER = "$(TEST_HOST)";
				INFOPLIST_FILE = Tests/iOSTests/Info.plist;
				LD_RUNPATH_SEARCH_PATHS = (
					"$(inherited)",
					"@executable_path/Frameworks",
					"@loader_path/Frameworks",
				);
				PRODUCT_BUNDLE_IDENTIFIER = com.anirudhbalachandar.CAHQBank.iOSTests;
				SDKROOT = iphoneos;
				TARGETED_DEVICE_FAMILY = "1,2";
				TEST_HOST = "$(BUILT_PRODUCTS_DIR)/CAHQBankiOS.app/CAHQBankiOS";
			};
			name = Debug;
		};
		691C043FB55BF2FB40A7644B /* Debug */ = {
			isa = XCBuildConfiguration;
			buildSettings = {
				ALWAYS_SEARCH_USER_PATHS = NO;
				CLANG_ANALYZER_NONNULL = YES;
				CLANG_ANALYZER_NUMBER_OBJECT_CONVERSION = YES_AGGRESSIVE;
				CLANG_CXX_LANGUAGE_STANDARD = "gnu++14";
				CLANG_CXX_LIBRARY = "libc++";
				CLANG_ENABLE_MODULES = YES;
				CLANG_ENABLE_OBJC_ARC = YES;
				CLANG_ENABLE_OBJC_WEAK = YES;
				CLANG_WARN_BLOCK_CAPTURE_AUTORELEASING = YES;
				CLANG_WARN_BOOL_CONVERSION = YES;
				CLANG_WARN_COMMA = YES;
				CLANG_WARN_CONSTANT_CONVERSION = YES;
				CLANG_WARN_DEPRECATED_OBJC_IMPLEMENTATIONS = YES;
				CLANG_WARN_DIRECT_OBJC_ISA_USAGE = YES_ERROR;
				CLANG_WARN_DOCUMENTATION_COMMENTS = YES;
				CLANG_WARN_EMPTY_BODY = YES;
				CLANG_WARN_ENUM_CONVERSION = YES;
				CLANG_WARN_INFINITE_RECURSION = YES;
				CLANG_WARN_INT_CONVERSION = YES;
				CLANG_WARN_NON_LITERAL_NULL_CONVERSION = YES;
				CLANG_WARN_OBJC_IMPLICIT_RETAIN_SELF = YES;
				CLANG_WARN_OBJC_LITERAL_CONVERSION = YES;
				CLANG_WARN_OBJC_ROOT_CLASS = YES_ERROR;
				CLANG_WARN_QUOTED_INCLUDE_IN_FRAMEWORK_HEADER = YES;
				CLANG_WARN_RANGE_LOOP_ANALYSIS = YES;
				CLANG_WARN_STRICT_PROTOTYPES = YES;
				CLANG_WARN_SUSPICIOUS_MOVE = YES;
				CLANG_WARN_UNGUARDED_AVAILABILITY = YES_AGGRESSIVE;
				CLANG_WARN_UNREACHABLE_CODE = YES;
				CLANG_WARN__DUPLICATE_METHOD_MATCH = YES;
				COPY_PHASE_STRIP = NO;
				DEBUG_INFORMATION_FORMAT = dwarf;
				ENABLE_STRICT_OBJC_MSGSEND = YES;
				ENABLE_TESTABILITY = YES;
				GCC_C_LANGUAGE_STANDARD = gnu11;
				GCC_DYNAMIC_NO_PIC = NO;
				GCC_NO_COMMON_BLOCKS = YES;
				GCC_OPTIMIZATION_LEVEL = 0;
				GCC_PREPROCESSOR_DEFINITIONS = (
					"$(inherited)",
					"DEBUG=1",
				);
				GCC_TREAT_WARNINGS_AS_ERRORS = YES;
				GCC_WARN_64_TO_32_BIT_CONVERSION = YES;
				GCC_WARN_ABOUT_RETURN_TYPE = YES_ERROR;
				GCC_WARN_UNDECLARED_SELECTOR = YES;
				GCC_WARN_UNINITIALIZED_AUTOS = YES_AGGRESSIVE;
				GCC_WARN_UNUSED_FUNCTION = YES;
				GCC_WARN_UNUSED_VARIABLE = YES;
				IPHONEOS_DEPLOYMENT_TARGET = 26.0;
				MACOSX_DEPLOYMENT_TARGET = 26.0;
				MTL_ENABLE_DEBUG_INFO = INCLUDE_SOURCE;
				MTL_FAST_MATH = YES;
				ONLY_ACTIVE_ARCH = YES;
				PRODUCT_NAME = "$(TARGET_NAME)";
				SWIFT_ACTIVE_COMPILATION_CONDITIONS = DEBUG;
				SWIFT_OPTIMIZATION_LEVEL = "-Onone";
				SWIFT_STRICT_CONCURRENCY = complete;
				SWIFT_TREAT_WARNINGS_AS_ERRORS = YES;
				SWIFT_VERSION = 6.0;
			};
			name = Debug;
		};
		829BEF553F8505B1FF42D1E5 /* Release */ = {
			isa = XCBuildConfiguration;
			buildSettings = {
				ALWAYS_SEARCH_USER_PATHS = NO;
				CLANG_ANALYZER_NONNULL = YES;
				CLANG_ANALYZER_NUMBER_OBJECT_CONVERSION = YES_AGGRESSIVE;
				CLANG_CXX_LANGUAGE_STANDARD = "gnu++14";
				CLANG_CXX_LIBRARY = "libc++";
				CLANG_ENABLE_MODULES = YES;
				CLANG_ENABLE_OBJC_ARC = YES;
				CLANG_ENABLE_OBJC_WEAK = YES;
				CLANG_WARN_BLOCK_CAPTURE_AUTORELEASING = YES;
				CLANG_WARN_BOOL_CONVERSION = YES;
				CLANG_WARN_COMMA = YES;
				CLANG_WARN_CONSTANT_CONVERSION = YES;
				CLANG_WARN_DEPRECATED_OBJC_IMPLEMENTATIONS = YES;
				CLANG_WARN_DIRECT_OBJC_ISA_USAGE = YES_ERROR;
				CLANG_WARN_DOCUMENTATION_COMMENTS = YES;
				CLANG_WARN_EMPTY_BODY = YES;
				CLANG_WARN_ENUM_CONVERSION = YES;
				CLANG_WARN_INFINITE_RECURSION = YES;
				CLANG_WARN_INT_CONVERSION = YES;
				CLANG_WARN_NON_LITERAL_NULL_CONVERSION = YES;
				CLANG_WARN_OBJC_IMPLICIT_RETAIN_SELF = YES;
				CLANG_WARN_OBJC_LITERAL_CONVERSION = YES;
				CLANG_WARN_OBJC_ROOT_CLASS = YES_ERROR;
				CLANG_WARN_QUOTED_INCLUDE_IN_FRAMEWORK_HEADER = YES;
				CLANG_WARN_RANGE_LOOP_ANALYSIS = YES;
				CLANG_WARN_STRICT_PROTOTYPES = YES;
				CLANG_WARN_SUSPICIOUS_MOVE = YES;
				CLANG_WARN_UNGUARDED_AVAILABILITY = YES_AGGRESSIVE;
				CLANG_WARN_UNREACHABLE_CODE = YES;
				CLANG_WARN__DUPLICATE_METHOD_MATCH = YES;
				COPY_PHASE_STRIP = NO;
				DEBUG_INFORMATION_FORMAT = "dwarf-with-dsym";
				ENABLE_NS_ASSERTIONS = NO;
				ENABLE_STRICT_OBJC_MSGSEND = YES;
				GCC_C_LANGUAGE_STANDARD = gnu11;
				GCC_NO_COMMON_BLOCKS = YES;
				GCC_TREAT_WARNINGS_AS_ERRORS = YES;
				GCC_WARN_64_TO_32_BIT_CONVERSION = YES;
				GCC_WARN_ABOUT_RETURN_TYPE = YES_ERROR;
				GCC_WARN_UNDECLARED_SELECTOR = YES;
				GCC_WARN_UNINITIALIZED_AUTOS = YES_AGGRESSIVE;
				GCC_WARN_UNUSED_FUNCTION = YES;
				GCC_WARN_UNUSED_VARIABLE = YES;
				IPHONEOS_DEPLOYMENT_TARGET = 26.0;
				MACOSX_DEPLOYMENT_TARGET = 26.0;
				MTL_ENABLE_DEBUG_INFO = NO;
				MTL_FAST_MATH = YES;
				PRODUCT_NAME = "$(TARGET_NAME)";
				SWIFT_COMPILATION_MODE = wholemodule;
				SWIFT_OPTIMIZATION_LEVEL = "-O";
				SWIFT_STRICT_CONCURRENCY = complete;
				SWIFT_TREAT_WARNINGS_AS_ERRORS = YES;
				SWIFT_VERSION = 6.0;
			};
			name = Release;
		};
		9E59AC170916DA34413380AD /* Debug */ = {
			isa = XCBuildConfiguration;
			buildSettings = {
				BUNDLE_LOADER = "$(TEST_HOST)";
				COMBINE_HIDPI_IMAGES = YES;
				INFOPLIST_FILE = Tests/Info.plist;
				LD_RUNPATH_SEARCH_PATHS = (
					"$(inherited)",
					"@executable_path/../Frameworks",
					"@loader_path/../Frameworks",
				);
				PRODUCT_BUNDLE_IDENTIFIER = com.anirudhbalachandar.CAHQBank.Tests;
				SDKROOT = macosx;
				TEST_HOST = "$(BUILT_PRODUCTS_DIR)/CAHQBankMac.app/Contents/MacOS/CAHQBankMac";
			};
			name = Debug;
		};
		C336C2FCC1B6B197CD6F3557 /* Release */ = {
			isa = XCBuildConfiguration;
			buildSettings = {
				ASSETCATALOG_COMPILER_APPICON_NAME = AppIcon;
				ASSETCATALOG_COMPILER_GLOBAL_ACCENT_COLOR_NAME = AccentColor;
				CODE_SIGN_IDENTITY = "Developer ID Application";
				CODE_SIGN_STYLE = Manual;
				COMBINE_HIDPI_IMAGES = YES;
				CURRENT_PROJECT_VERSION = 1;
				ENABLE_HARDENED_RUNTIME = YES;
				INFOPLIST_FILE = Sources/Info.plist;
				LD_RUNPATH_SEARCH_PATHS = (
					"$(inherited)",
					"@executable_path/../Frameworks",
				);
				MARKETING_VERSION = 1.0;
				OTHER_CODE_SIGN_FLAGS = "--timestamp";
				PRODUCT_BUNDLE_IDENTIFIER = com.anirudhbalachandar.CAHQBank;
				SDKROOT = macosx;
			};
			name = Release;
		};
		C695E4A4377F74A61D1E2C6C /* Release */ = {
			isa = XCBuildConfiguration;
			buildSettings = {
				BUNDLE_LOADER = "$(TEST_HOST)";
				COMBINE_HIDPI_IMAGES = YES;
				INFOPLIST_FILE = Tests/Info.plist;
				LD_RUNPATH_SEARCH_PATHS = (
					"$(inherited)",
					"@executable_path/../Frameworks",
					"@loader_path/../Frameworks",
				);
				PRODUCT_BUNDLE_IDENTIFIER = com.anirudhbalachandar.CAHQBank.Tests;
				SDKROOT = macosx;
				TEST_HOST = "$(BUILT_PRODUCTS_DIR)/CAHQBankMac.app/Contents/MacOS/CAHQBankMac";
			};
			name = Release;
		};
		CC43C165F194AFC326F05392 /* Debug */ = {
			isa = XCBuildConfiguration;
			buildSettings = {
				ASSETCATALOG_COMPILER_APPICON_NAME = AppIcon;
				ASSETCATALOG_COMPILER_GLOBAL_ACCENT_COLOR_NAME = AccentColor;
				CODE_SIGN_IDENTITY = "iPhone Developer";
				CURRENT_PROJECT_VERSION = 1;
				INFOPLIST_FILE = Sources/iOS/Info.plist;
				LD_RUNPATH_SEARCH_PATHS = (
					"$(inherited)",
					"@executable_path/Frameworks",
				);
				MARKETING_VERSION = 1.0;
				PRODUCT_BUNDLE_IDENTIFIER = com.anirudhbalachandar.CAHQBank.iOS;
				SDKROOT = iphoneos;
				TARGETED_DEVICE_FAMILY = 1;
			};
			name = Debug;
		};
		FBCF307CEC7A95D851619F7D /* Release */ = {
			isa = XCBuildConfiguration;
			buildSettings = {
				BUNDLE_LOADER = "$(TEST_HOST)";
				INFOPLIST_FILE = Tests/iOSTests/Info.plist;
				LD_RUNPATH_SEARCH_PATHS = (
					"$(inherited)",
					"@executable_path/Frameworks",
					"@loader_path/Frameworks",
				);
				PRODUCT_BUNDLE_IDENTIFIER = com.anirudhbalachandar.CAHQBank.iOSTests;
				SDKROOT = iphoneos;
				TARGETED_DEVICE_FAMILY = "1,2";
				TEST_HOST = "$(BUILT_PRODUCTS_DIR)/CAHQBankiOS.app/CAHQBankiOS";
			};
			name = Release;
		};
/* End XCBuildConfiguration section */

/* Begin XCConfigurationList section */
		4B35F640529BEDA2F8CD766B /* Build configuration list for PBXProject "CAHQBankMac" */ = {
			isa = XCConfigurationList;
			buildConfigurations = (
				691C043FB55BF2FB40A7644B /* Debug */,
				829BEF553F8505B1FF42D1E5 /* Release */,
			);
			defaultConfigurationIsVisible = 0;
			defaultConfigurationName = Debug;
		};
		982F780F98A62E896B49DD06 /* Build configuration list for PBXNativeTarget "CAHQBankMac" */ = {
			isa = XCConfigurationList;
			buildConfigurations = (
				13AF1B1CF3ACAE1D3D21793A /* Debug */,
				C336C2FCC1B6B197CD6F3557 /* Release */,
			);
			defaultConfigurationIsVisible = 0;
			defaultConfigurationName = Debug;
		};
		D10E9DB79C9F63549F9BB014 /* Build configuration list for PBXNativeTarget "CAHQBankiOS" */ = {
			isa = XCConfigurationList;
			buildConfigurations = (
				CC43C165F194AFC326F05392 /* Debug */,
				27BD092F3FA5B41286E1D95F /* Release */,
			);
			defaultConfigurationIsVisible = 0;
			defaultConfigurationName = Debug;
		};
		D6ADD779F2F3FCA7CCE85E31 /* Build configuration list for PBXNativeTarget "CAHQBankMacTests" */ = {
			isa = XCConfigurationList;
			buildConfigurations = (
				9E59AC170916DA34413380AD /* Debug */,
				C695E4A4377F74A61D1E2C6C /* Release */,
			);
			defaultConfigurationIsVisible = 0;
			defaultConfigurationName = Debug;
		};
		DD1BA0669975710150F31D45 /* Build configuration list for PBXNativeTarget "CAHQBankiOSTests" */ = {
			isa = XCConfigurationList;
			buildConfigurations = (
				465573619FC6CC197AA1E56C /* Debug */,
				FBCF307CEC7A95D851619F7D /* Release */,
			);
			defaultConfigurationIsVisible = 0;
			defaultConfigurationName = Debug;
		};
/* End XCConfigurationList section */
	};
	rootObject = 8078A46E1551D37708D26D65 /* Project object */;
}
